
Microsoft Visual Studio Solution File, Format Version 12.00
# Visual Studio 15
VisualStudioVersion = 15.0.28307.1022
MinimumVisualStudioVersion = 10.0.40219.1
Project("{E24C65DC-7377-472B-9ABA-BC803B73C61A}") = "trunk", ".", "{67CF85A6-B544-46E0-8B2B-F907DDFED4F1}"
	ProjectSection(WebsiteProperties) = preProject
		TargetFrameworkMoniker = ".NETFramework,Version%3Dv4.0"
		Debug.AspNetCompiler.VirtualPath = "/localhost_5383"
		Debug.AspNetCompiler.PhysicalPath = "..\trunk\"
		Debug.AspNetCompiler.TargetPath = "PrecompiledWeb\localhost_5383\"
		Debug.AspNetCompiler.Updateable = "true"
		Debug.AspNetCompiler.ForceOverwrite = "true"
		Debug.AspNetCompiler.FixedNames = "false"
		Debug.AspNetCompiler.Debug = "True"
		Release.AspNetCompiler.VirtualPath = "/localhost_5383"
		Release.AspNetCompiler.PhysicalPath = "..\trunk\"
		Release.AspNetCompiler.TargetPath = "PrecompiledWeb\localhost_5383\"
		Release.AspNetCompiler.Updateable = "true"
		Release.AspNetCompiler.ForceOverwrite = "true"
		Release.AspNetCompiler.FixedNames = "false"
		Release.AspNetCompiler.Debug = "False"
		VWDPort = "5383"
		SlnRelativePath = "..\trunk\"
	EndProjectSection
EndProject
Global
	GlobalSection(SolutionConfigurationPlatforms) = preSolution
		Debug|Any CPU = Debug|Any CPU
	EndGlobalSection
	GlobalSection(ProjectConfigurationPlatforms) = postSolution
		{67CF85A6-B544-46E0-8B2B-F907DDFED4F1}.Debug|Any CPU.ActiveCfg = Debug|Any CPU
		{67CF85A6-B544-46E0-8B2B-F907DDFED4F1}.Debug|Any CPU.Build.0 = Debug|Any CPU
	EndGlobalSection
	GlobalSection(SolutionProperties) = preSolution
		HideSolutionNode = FALSE
	EndGlobalSection
	GlobalSection(ExtensibilityGlobals) = postSolution
		SolutionGuid = {ACB86EB7-540F-4906-AEF4-64A686A9F476}
	EndGlobalSection
EndGlobal
